
Microsoft Visual Studio Solution File, Format Version 12.00
# Visual Studio 15
Project("{FAE04EC0-301F-11D3-BF4B-00C04F79EFBC}") = "Assembly-CSharp-firstpass", "Assembly-CSharp-firstpass.csproj", "{94CC4555-B7E7-8398-8D91-0D2D3F21E74C}"
EndProject
Project("{FAE04EC0-301F-11D3-BF4B-00C04F79EFBC}") = "Assembly-CSharp", "Assembly-CSharp.csproj", "{12A8C14D-1914-8672-75BB-32231D658C12}"
EndProject
Global
	GlobalSection(SolutionConfigurationPlatforms) = preSolution
		Debug|Any CPU = Debug|Any CPU
		Release|Any CPU = Release|Any CPU
	EndGlobalSection
	GlobalSection(ProjectConfigurationPlatforms) = postSolution
		{94CC4555-B7E7-8398-8D91-0D2D3F21E74C}.Debug|Any CPU.ActiveCfg = Debug|Any CPU
		{94CC4555-B7E7-8398-8D91-0D2D3F21E74C}.Debug|Any CPU.Build.0 = Debug|Any CPU
		{94CC4555-B7E7-8398-8D91-0D2D3F21E74C}.Release|Any CPU.ActiveCfg = Release|Any CPU
		{94CC4555-B7E7-8398-8D91-0D2D3F21E74C}.Release|Any CPU.Build.0 = Release|Any CPU
		{12A8C14D-1914-8672-75BB-32231D658C12}.Debug|Any CPU.ActiveCfg = Debug|Any CPU
		{12A8C14D-1914-8672-75BB-32231D658C12}.Debug|Any CPU.Build.0 = Debug|Any CPU
		{12A8C14D-1914-8672-75BB-32231D658C12}.Release|Any CPU.ActiveCfg = Release|Any CPU
		{12A8C14D-1914-8672-75BB-32231D658C12}.Release|Any CPU.Build.0 = Release|Any CPU
	EndGlobalSection
	GlobalSection(SolutionProperties) = preSolution
		HideSolutionNode = FALSE
	EndGlobalSection
EndGlobal
